
Microsoft Visual Studio Solution File, Format Version 12.00
# Visual Studio Version 16
VisualStudioVersion = 16.0.29519.87
MinimumVisualStudioVersion = 10.0.40219.1
Project("{2150E333-8FDC-42A3-9474-1A3956D46DE8}") = "src", "src", "{5FD9E62D-B6D7-464E-8CF7-3EE66689AE13}"
EndProject
Project("{2150E333-8FDC-42A3-9474-1A3956D46DE8}") = "API", "API", "{68630B77-E422-47D3-9B4C-CDDB9EB8C06C}"
EndProject
Project("{2150E333-8FDC-42A3-9474-1A3956D46DE8}") = "UI", "UI", "{66763B8C-FCB5-460B-B62E-6ED433091F1F}"
EndProject
Project("{9A19103F-16F7-4668-BE54-9A1E7A4F7556}") = "RuleEngine.API", "src\API\RuleEngine.API\RuleEngine.API.csproj", "{01F11E55-8A80-42C4-B37E-062AB17BE339}"
EndProject
Project("{9A19103F-16F7-4668-BE54-9A1E7A4F7556}") = "RuleEngine.UI", "src\UI\RuleEngine.UI\RuleEngine.UI.csproj", "{8E0766DD-00CE-446F-A43F-410ACBD7A71F}"
EndProject
Project("{9A19103F-16F7-4668-BE54-9A1E7A4F7556}") = "RuleEngine.API.Business", "src\API\RuleEngine.API.Business\RuleEngine.API.Business.csproj", "{AC736338-0BC6-4B1F-B8EF-F8C1758D9C7D}"
EndProject
Project("{9A19103F-16F7-4668-BE54-9A1E7A4F7556}") = "RuleEngineAPI.Common", "src\API\RuleEngineAPI.Common\RuleEngineAPI.Common.csproj", "{55750977-D76E-4998-B3BF-21F87CC419B0}"
EndProject
Project("{9A19103F-16F7-4668-BE54-9A1E7A4F7556}") = "RuleEngineAPI.Services", "src\API\RuleEngineAPI.Services\RuleEngineAPI.Services.csproj", "{60A42578-BE21-4F88-8D9F-1396F3552471}"
EndProject
Project("{2150E333-8FDC-42A3-9474-1A3956D46DE8}") = "tests", "tests", "{C292CA16-670F-4910-A12E-7AFAC5DA6DF3}"
EndProject
Project("{FAE04EC0-301F-11D3-BF4B-00C04F79EFBC}") = "RuleEngineTest", "tests\RuleEngineTest\RuleEngineTest.csproj", "{2EFCB946-BF6E-40AA-BF09-A2969F142DE0}"
EndProject
Global
	GlobalSection(SolutionConfigurationPlatforms) = preSolution
		Debug|Any CPU = Debug|Any CPU
		Release|Any CPU = Release|Any CPU
	EndGlobalSection
	GlobalSection(ProjectConfigurationPlatforms) = postSolution
		{01F11E55-8A80-42C4-B37E-062AB17BE339}.Debug|Any CPU.ActiveCfg = Debug|Any CPU
		{01F11E55-8A80-42C4-B37E-062AB17BE339}.Debug|Any CPU.Build.0 = Debug|Any CPU
		{01F11E55-8A80-42C4-B37E-062AB17BE339}.Release|Any CPU.ActiveCfg = Release|Any CPU
		{01F11E55-8A80-42C4-B37E-062AB17BE339}.Release|Any CPU.Build.0 = Release|Any CPU
		{8E0766DD-00CE-446F-A43F-410ACBD7A71F}.Debug|Any CPU.ActiveCfg = Debug|Any CPU
		{8E0766DD-00CE-446F-A43F-410ACBD7A71F}.Debug|Any CPU.Build.0 = Debug|Any CPU
		{8E0766DD-00CE-446F-A43F-410ACBD7A71F}.Release|Any CPU.ActiveCfg = Release|Any CPU
		{8E0766DD-00CE-446F-A43F-410ACBD7A71F}.Release|Any CPU.Build.0 = Release|Any CPU
		{AC736338-0BC6-4B1F-B8EF-F8C1758D9C7D}.Debug|Any CPU.ActiveCfg = Debug|Any CPU
		{AC736338-0BC6-4B1F-B8EF-F8C1758D9C7D}.Debug|Any CPU.Build.0 = Debug|Any CPU
		{AC736338-0BC6-4B1F-B8EF-F8C1758D9C7D}.Release|Any CPU.ActiveCfg = Release|Any CPU
		{AC736338-0BC6-4B1F-B8EF-F8C1758D9C7D}.Release|Any CPU.Build.0 = Release|Any CPU
		{55750977-D76E-4998-B3BF-21F87CC419B0}.Debug|Any CPU.ActiveCfg = Debug|Any CPU
		{55750977-D76E-4998-B3BF-21F87CC419B0}.Debug|Any CPU.Build.0 = Debug|Any CPU
		{55750977-D76E-4998-B3BF-21F87CC419B0}.Release|Any CPU.ActiveCfg = Release|Any CPU
		{55750977-D76E-4998-B3BF-21F87CC419B0}.Release|Any CPU.Build.0 = Release|Any CPU
		{60A42578-BE21-4F88-8D9F-1396F3552471}.Debug|Any CPU.ActiveCfg = Debug|Any CPU
		{60A42578-BE21-4F88-8D9F-1396F3552471}.Debug|Any CPU.Build.0 = Debug|Any CPU
		{60A42578-BE21-4F88-8D9F-1396F3552471}.Release|Any CPU.ActiveCfg = Release|Any CPU
		{60A42578-BE21-4F88-8D9F-1396F3552471}.Release|Any CPU.Build.0 = Release|Any CPU
		{2EFCB946-BF6E-40AA-BF09-A2969F142DE0}.Debug|Any CPU.ActiveCfg = Debug|Any CPU
		{2EFCB946-BF6E-40AA-BF09-A2969F142DE0}.Debug|Any CPU.Build.0 = Debug|Any CPU
		{2EFCB946-BF6E-40AA-BF09-A2969F142DE0}.Release|Any CPU.ActiveCfg = Release|Any CPU
		{2EFCB946-BF6E-40AA-BF09-A2969F142DE0}.Release|Any CPU.Build.0 = Release|Any CPU
	EndGlobalSection
	GlobalSection(SolutionProperties) = preSolution
		HideSolutionNode = FALSE
	EndGlobalSection
	GlobalSection(NestedProjects) = preSolution
		{68630B77-E422-47D3-9B4C-CDDB9EB8C06C} = {5FD9E62D-B6D7-464E-8CF7-3EE66689AE13}
		{66763B8C-FCB5-460B-B62E-6ED433091F1F} = {5FD9E62D-B6D7-464E-8CF7-3EE66689AE13}
		{01F11E55-8A80-42C4-B37E-062AB17BE339} = {68630B77-E422-47D3-9B4C-CDDB9EB8C06C}
		{8E0766DD-00CE-446F-A43F-410ACBD7A71F} = {66763B8C-FCB5-460B-B62E-6ED433091F1F}
		{AC736338-0BC6-4B1F-B8EF-F8C1758D9C7D} = {68630B77-E422-47D3-9B4C-CDDB9EB8C06C}
		{55750977-D76E-4998-B3BF-21F87CC419B0} = {68630B77-E422-47D3-9B4C-CDDB9EB8C06C}
		{60A42578-BE21-4F88-8D9F-1396F3552471} = {68630B77-E422-47D3-9B4C-CDDB9EB8C06C}
		{2EFCB946-BF6E-40AA-BF09-A2969F142DE0} = {C292CA16-670F-4910-A12E-7AFAC5DA6DF3}
	EndGlobalSection
	GlobalSection(ExtensibilityGlobals) = postSolution
		SolutionGuid = {C08B18E0-D421-432B-BF5E-14ED6E12A164}
	EndGlobalSection
EndGlobal
